
Microsoft Visual Studio Solution File, Format Version 12.00
# Visual Studio Version 16
VisualStudioVersion = 16.0.29709.97
MinimumVisualStudioVersion = 10.0.40219.1
Project("{FAE04EC0-301F-11D3-BF4B-00C04F79EFBC}") = "Activity3", "Activity3\Activity3.csproj", "{3C36D6B3-67F6-4D4B-99A9-5DD138467D1C}"
EndProject
Global
	GlobalSection(SolutionConfigurationPlatforms) = preSolution
		Debug|Any CPU = Debug|Any CPU
		Release|Any CPU = Release|Any CPU
	EndGlobalSection
	GlobalSection(ProjectConfigurationPlatforms) = postSolution
		{3C36D6B3-67F6-4D4B-99A9-5DD138467D1C}.Debug|Any CPU.ActiveCfg = Debug|Any CPU
		{3C36D6B3-67F6-4D4B-99A9-5DD138467D1C}.Debug|Any CPU.Build.0 = Debug|Any CPU
		{3C36D6B3-67F6-4D4B-99A9-5DD138467D1C}.Release|Any CPU.ActiveCfg = Release|Any CPU
		{3C36D6B3-67F6-4D4B-99A9-5DD138467D1C}.Release|Any CPU.Build.0 = Release|Any CPU
	EndGlobalSection
	GlobalSection(SolutionProperties) = preSolution
		HideSolutionNode = FALSE
	EndGlobalSection
	GlobalSection(ExtensibilityGlobals) = postSolution
		SolutionGuid = {5C39FC31-D140-4A06-8D48-D95F5E0749FF}
	EndGlobalSection
EndGlobal
