
Microsoft Visual Studio Solution File, Format Version 12.00
# Visual Studio Version 16
VisualStudioVersion = 16.0.29709.97
MinimumVisualStudioVersion = 10.0.40219.1
Project("{FAE04EC0-301F-11D3-BF4B-00C04F79EFBC}") = "Activity4", "Activity4\Activity4.csproj", "{07E78C42-A05A-4739-A1CD-64500B10FD06}"
EndProject
Global
	GlobalSection(SolutionConfigurationPlatforms) = preSolution
		Debug|Any CPU = Debug|Any CPU
		Release|Any CPU = Release|Any CPU
	EndGlobalSection
	GlobalSection(ProjectConfigurationPlatforms) = postSolution
		{07E78C42-A05A-4739-A1CD-64500B10FD06}.Debug|Any CPU.ActiveCfg = Debug|Any CPU
		{07E78C42-A05A-4739-A1CD-64500B10FD06}.Debug|Any CPU.Build.0 = Debug|Any CPU
		{07E78C42-A05A-4739-A1CD-64500B10FD06}.Release|Any CPU.ActiveCfg = Release|Any CPU
		{07E78C42-A05A-4739-A1CD-64500B10FD06}.Release|Any CPU.Build.0 = Release|Any CPU
	EndGlobalSection
	GlobalSection(SolutionProperties) = preSolution
		HideSolutionNode = FALSE
	EndGlobalSection
	GlobalSection(ExtensibilityGlobals) = postSolution
		SolutionGuid = {6097529A-55A3-4118-BB4B-3614ADD8B19A}
	EndGlobalSection
EndGlobal
