
Microsoft Visual Studio Solution File, Format Version 12.00
# Visual Studio Version 16
VisualStudioVersion = 16.0.29709.97
MinimumVisualStudioVersion = 10.0.40219.1
Project("{FAE04EC0-301F-11D3-BF4B-00C04F79EFBC}") = "Activity3", "Activity3\Activity3.csproj", "{EB831ABF-AB32-4859-B89C-4FE0F4616784}"
EndProject
Global
	GlobalSection(SolutionConfigurationPlatforms) = preSolution
		Debug|Any CPU = Debug|Any CPU
		Release|Any CPU = Release|Any CPU
	EndGlobalSection
	GlobalSection(ProjectConfigurationPlatforms) = postSolution
		{EB831ABF-AB32-4859-B89C-4FE0F4616784}.Debug|Any CPU.ActiveCfg = Debug|Any CPU
		{EB831ABF-AB32-4859-B89C-4FE0F4616784}.Debug|Any CPU.Build.0 = Debug|Any CPU
		{EB831ABF-AB32-4859-B89C-4FE0F4616784}.Release|Any CPU.ActiveCfg = Release|Any CPU
		{EB831ABF-AB32-4859-B89C-4FE0F4616784}.Release|Any CPU.Build.0 = Release|Any CPU
	EndGlobalSection
	GlobalSection(SolutionProperties) = preSolution
		HideSolutionNode = FALSE
	EndGlobalSection
	GlobalSection(ExtensibilityGlobals) = postSolution
		SolutionGuid = {3805D8F1-B6C2-4ABF-AB5E-5E8A882E2EF5}
	EndGlobalSection
EndGlobal
