
Microsoft Visual Studio Solution File, Format Version 12.00
# Visual Studio Version 16
VisualStudioVersion = 16.0.29709.97
MinimumVisualStudioVersion = 10.0.40219.1
Project("{FAE04EC0-301F-11D3-BF4B-00C04F79EFBC}") = "Activity4", "Activity4\Activity4.csproj", "{BC248E82-B8A1-46C0-8A72-A353443B782F}"
EndProject
Global
	GlobalSection(SolutionConfigurationPlatforms) = preSolution
		Debug|Any CPU = Debug|Any CPU
		Release|Any CPU = Release|Any CPU
	EndGlobalSection
	GlobalSection(ProjectConfigurationPlatforms) = postSolution
		{BC248E82-B8A1-46C0-8A72-A353443B782F}.Debug|Any CPU.ActiveCfg = Debug|Any CPU
		{BC248E82-B8A1-46C0-8A72-A353443B782F}.Debug|Any CPU.Build.0 = Debug|Any CPU
		{BC248E82-B8A1-46C0-8A72-A353443B782F}.Release|Any CPU.ActiveCfg = Release|Any CPU
		{BC248E82-B8A1-46C0-8A72-A353443B782F}.Release|Any CPU.Build.0 = Release|Any CPU
	EndGlobalSection
	GlobalSection(SolutionProperties) = preSolution
		HideSolutionNode = FALSE
	EndGlobalSection
	GlobalSection(ExtensibilityGlobals) = postSolution
		SolutionGuid = {5F2E5A67-1980-42DA-A217-196C18ECE09C}
	EndGlobalSection
EndGlobal
