
Microsoft Visual Studio Solution File, Format Version 12.00
# Visual Studio Version 16
VisualStudioVersion = 16.0.29709.97
MinimumVisualStudioVersion = 10.0.40219.1
Project("{FAE04EC0-301F-11D3-BF4B-00C04F79EFBC}") = "DepartmentStore", "DepartmentStore\DepartmentStore.csproj", "{11E43600-4C77-4D58-B71D-4F38D122560D}"
EndProject
Global
	GlobalSection(SolutionConfigurationPlatforms) = preSolution
		Debug|Any CPU = Debug|Any CPU
		Release|Any CPU = Release|Any CPU
	EndGlobalSection
	GlobalSection(ProjectConfigurationPlatforms) = postSolution
		{11E43600-4C77-4D58-B71D-4F38D122560D}.Debug|Any CPU.ActiveCfg = Debug|Any CPU
		{11E43600-4C77-4D58-B71D-4F38D122560D}.Debug|Any CPU.Build.0 = Debug|Any CPU
		{11E43600-4C77-4D58-B71D-4F38D122560D}.Release|Any CPU.ActiveCfg = Release|Any CPU
		{11E43600-4C77-4D58-B71D-4F38D122560D}.Release|Any CPU.Build.0 = Release|Any CPU
	EndGlobalSection
	GlobalSection(SolutionProperties) = preSolution
		HideSolutionNode = FALSE
	EndGlobalSection
	GlobalSection(ExtensibilityGlobals) = postSolution
		SolutionGuid = {408F7712-3D46-48BA-A5E3-461215BBFEE8}
	EndGlobalSection
EndGlobal
