
Microsoft Visual Studio Solution File, Format Version 12.00
# Visual Studio 15
VisualStudioVersion = 15.0.28307.1000
MinimumVisualStudioVersion = 10.0.40219.1
Project("{FAE04EC0-301F-11D3-BF4B-00C04F79EFBC}") = "DepartmentStore", "DepartmentStore\DepartmentStore.csproj", "{B261C2FF-396A-4E88-AE3D-83C267ABBEC1}"
EndProject
Project("{2150E333-8FDC-42A3-9474-1A3956D46DE8}") = "Solution Items", "Solution Items", "{B00E2BFA-7C80-4055-9C1D-39F40E33A60B}"
	ProjectSection(SolutionItems) = preProject
		StoreItem.cs = StoreItem.cs
	EndProjectSection
EndProject
Global
	GlobalSection(SolutionConfigurationPlatforms) = preSolution
		Debug|Any CPU = Debug|Any CPU
		Release|Any CPU = Release|Any CPU
	EndGlobalSection
	GlobalSection(ProjectConfigurationPlatforms) = postSolution
		{B261C2FF-396A-4E88-AE3D-83C267ABBEC1}.Debug|Any CPU.ActiveCfg = Debug|Any CPU
		{B261C2FF-396A-4E88-AE3D-83C267ABBEC1}.Debug|Any CPU.Build.0 = Debug|Any CPU
		{B261C2FF-396A-4E88-AE3D-83C267ABBEC1}.Release|Any CPU.ActiveCfg = Release|Any CPU
		{B261C2FF-396A-4E88-AE3D-83C267ABBEC1}.Release|Any CPU.Build.0 = Release|Any CPU
	EndGlobalSection
	GlobalSection(SolutionProperties) = preSolution
		HideSolutionNode = FALSE
	EndGlobalSection
	GlobalSection(ExtensibilityGlobals) = postSolution
		SolutionGuid = {B1FB773D-1C36-4389-8BB7-EAA2240B735F}
	EndGlobalSection
EndGlobal
