
Microsoft Visual Studio Solution File, Format Version 12.00
# Visual Studio 15
VisualStudioVersion = 15.0.28307.1000
MinimumVisualStudioVersion = 10.0.40219.1
Project("{FAE04EC0-301F-11D3-BF4B-00C04F79EFBC}") = "DepartmentStore", "DepartmentStore\DepartmentStore.csproj", "{503741E0-63D7-48DC-88D4-A70B782C021D}"
EndProject
Global
	GlobalSection(SolutionConfigurationPlatforms) = preSolution
		Debug|Any CPU = Debug|Any CPU
		Release|Any CPU = Release|Any CPU
	EndGlobalSection
	GlobalSection(ProjectConfigurationPlatforms) = postSolution
		{503741E0-63D7-48DC-88D4-A70B782C021D}.Debug|Any CPU.ActiveCfg = Debug|Any CPU
		{503741E0-63D7-48DC-88D4-A70B782C021D}.Debug|Any CPU.Build.0 = Debug|Any CPU
		{503741E0-63D7-48DC-88D4-A70B782C021D}.Release|Any CPU.ActiveCfg = Release|Any CPU
		{503741E0-63D7-48DC-88D4-A70B782C021D}.Release|Any CPU.Build.0 = Release|Any CPU
	EndGlobalSection
	GlobalSection(SolutionProperties) = preSolution
		HideSolutionNode = FALSE
	EndGlobalSection
	GlobalSection(ExtensibilityGlobals) = postSolution
		SolutionGuid = {8CBF0108-F792-41E4-B100-5D8882648850}
	EndGlobalSection
EndGlobal
