
Microsoft Visual Studio Solution File, Format Version 12.00
# Visual Studio 15
VisualStudioVersion = 15.0.28307.1000
MinimumVisualStudioVersion = 10.0.40219.1
Project("{FAE04EC0-301F-11D3-BF4B-00C04F79EFBC}") = "Activity3", "Activity3\Activity3.csproj", "{6F46C572-D5CC-42BA-A617-69916A0A7FE0}"
EndProject
Global
	GlobalSection(SolutionConfigurationPlatforms) = preSolution
		Debug|Any CPU = Debug|Any CPU
		Release|Any CPU = Release|Any CPU
	EndGlobalSection
	GlobalSection(ProjectConfigurationPlatforms) = postSolution
		{6F46C572-D5CC-42BA-A617-69916A0A7FE0}.Debug|Any CPU.ActiveCfg = Debug|Any CPU
		{6F46C572-D5CC-42BA-A617-69916A0A7FE0}.Debug|Any CPU.Build.0 = Debug|Any CPU
		{6F46C572-D5CC-42BA-A617-69916A0A7FE0}.Release|Any CPU.ActiveCfg = Release|Any CPU
		{6F46C572-D5CC-42BA-A617-69916A0A7FE0}.Release|Any CPU.Build.0 = Release|Any CPU
	EndGlobalSection
	GlobalSection(SolutionProperties) = preSolution
		HideSolutionNode = FALSE
	EndGlobalSection
	GlobalSection(ExtensibilityGlobals) = postSolution
		SolutionGuid = {1274F023-5114-4634-8CCB-5947996ABD81}
	EndGlobalSection
EndGlobal
