
Microsoft Visual Studio Solution File, Format Version 12.00
# Visual Studio 15
VisualStudioVersion = 15.0.28307.1000
MinimumVisualStudioVersion = 10.0.40219.1
Project("{FAE04EC0-301F-11D3-BF4B-00C04F79EFBC}") = "Activity4", "Activity4.csproj", "{79B2926B-61BA-4E42-9FCE-00589A7E7846}"
EndProject
Global
	GlobalSection(SolutionConfigurationPlatforms) = preSolution
		Debug|Any CPU = Debug|Any CPU
		Release|Any CPU = Release|Any CPU
	EndGlobalSection
	GlobalSection(ProjectConfigurationPlatforms) = postSolution
		{79B2926B-61BA-4E42-9FCE-00589A7E7846}.Debug|Any CPU.ActiveCfg = Debug|Any CPU
		{79B2926B-61BA-4E42-9FCE-00589A7E7846}.Debug|Any CPU.Build.0 = Debug|Any CPU
		{79B2926B-61BA-4E42-9FCE-00589A7E7846}.Release|Any CPU.ActiveCfg = Release|Any CPU
		{79B2926B-61BA-4E42-9FCE-00589A7E7846}.Release|Any CPU.Build.0 = Release|Any CPU
	EndGlobalSection
	GlobalSection(SolutionProperties) = preSolution
		HideSolutionNode = FALSE
	EndGlobalSection
	GlobalSection(ExtensibilityGlobals) = postSolution
		SolutionGuid = {CABEB6F7-A991-46E8-9C4C-DF9262080F17}
	EndGlobalSection
EndGlobal
